
Microsoft Visual Studio Solution File, Format Version 12.00
# Visual Studio 15
Project("{FAE04EC0-301F-11D3-BF4B-00C04F79EFBC}") = "Assembly-CSharp", "Assembly-CSharp.csproj", "{9B65869C-5597-F6A7-F4B9-FDBB6C91A997}"
EndProject
Project("{FAE04EC0-301F-11D3-BF4B-00C04F79EFBC}") = "Assembly-CSharp-Editor", "Assembly-CSharp-Editor.csproj", "{1C6EAB18-1367-BC5E-5B6C-F8167E435D60}"
EndProject
Global
	GlobalSection(SolutionConfigurationPlatforms) = preSolution
		Debug|Any CPU = Debug|Any CPU
		Release|Any CPU = Release|Any CPU
	EndGlobalSection
	GlobalSection(ProjectConfigurationPlatforms) = postSolution
		{9B65869C-5597-F6A7-F4B9-FDBB6C91A997}.Debug|Any CPU.ActiveCfg = Debug|Any CPU
		{9B65869C-5597-F6A7-F4B9-FDBB6C91A997}.Debug|Any CPU.Build.0 = Debug|Any CPU
		{9B65869C-5597-F6A7-F4B9-FDBB6C91A997}.Release|Any CPU.ActiveCfg = Release|Any CPU
		{9B65869C-5597-F6A7-F4B9-FDBB6C91A997}.Release|Any CPU.Build.0 = Release|Any CPU
		{1C6EAB18-1367-BC5E-5B6C-F8167E435D60}.Debug|Any CPU.ActiveCfg = Debug|Any CPU
		{1C6EAB18-1367-BC5E-5B6C-F8167E435D60}.Debug|Any CPU.Build.0 = Debug|Any CPU
		{1C6EAB18-1367-BC5E-5B6C-F8167E435D60}.Release|Any CPU.ActiveCfg = Release|Any CPU
		{1C6EAB18-1367-BC5E-5B6C-F8167E435D60}.Release|Any CPU.Build.0 = Release|Any CPU
	EndGlobalSection
	GlobalSection(SolutionProperties) = preSolution
		HideSolutionNode = FALSE
	EndGlobalSection
EndGlobal
